
Microsoft Visual Studio Solution File, Format Version 12.00
# Visual Studio Version 16
VisualStudioVersion = 16.0.31205.134
MinimumVisualStudioVersion = 10.0.40219.1
Project("{FAE04EC0-301F-11D3-BF4B-00C04F79EFBC}") = "P5T1", "P5T1.csproj", "{A577D1EB-5D6F-4158-9C6A-C6768D770C84}"
EndProject
Global
	GlobalSection(SolutionConfigurationPlatforms) = preSolution
		Debug|Any CPU = Debug|Any CPU
		Release|Any CPU = Release|Any CPU
	EndGlobalSection
	GlobalSection(ProjectConfigurationPlatforms) = postSolution
		{A577D1EB-5D6F-4158-9C6A-C6768D770C84}.Debug|Any CPU.ActiveCfg = Debug|Any CPU
		{A577D1EB-5D6F-4158-9C6A-C6768D770C84}.Debug|Any CPU.Build.0 = Debug|Any CPU
		{A577D1EB-5D6F-4158-9C6A-C6768D770C84}.Release|Any CPU.ActiveCfg = Release|Any CPU
		{A577D1EB-5D6F-4158-9C6A-C6768D770C84}.Release|Any CPU.Build.0 = Release|Any CPU
	EndGlobalSection
	GlobalSection(SolutionProperties) = preSolution
		HideSolutionNode = FALSE
	EndGlobalSection
	GlobalSection(ExtensibilityGlobals) = postSolution
		SolutionGuid = {69F19645-1C15-4D56-B00A-CBFDD2222EE6}
	EndGlobalSection
EndGlobal
