
Microsoft Visual Studio Solution File, Format Version 12.00
# Visual Studio Version 16
VisualStudioVersion = 16.0.31205.134
MinimumVisualStudioVersion = 10.0.40219.1
Project("{FAE04EC0-301F-11D3-BF4B-00C04F79EFBC}") = "P1T1", "P1T1.csproj", "{B0FBFFEF-A8DA-4CF5-B1C3-CD08FED99DB3}"
EndProject
Global
	GlobalSection(SolutionConfigurationPlatforms) = preSolution
		Debug|Any CPU = Debug|Any CPU
		Release|Any CPU = Release|Any CPU
	EndGlobalSection
	GlobalSection(ProjectConfigurationPlatforms) = postSolution
		{B0FBFFEF-A8DA-4CF5-B1C3-CD08FED99DB3}.Debug|Any CPU.ActiveCfg = Debug|Any CPU
		{B0FBFFEF-A8DA-4CF5-B1C3-CD08FED99DB3}.Debug|Any CPU.Build.0 = Debug|Any CPU
		{B0FBFFEF-A8DA-4CF5-B1C3-CD08FED99DB3}.Release|Any CPU.ActiveCfg = Release|Any CPU
		{B0FBFFEF-A8DA-4CF5-B1C3-CD08FED99DB3}.Release|Any CPU.Build.0 = Release|Any CPU
	EndGlobalSection
	GlobalSection(SolutionProperties) = preSolution
		HideSolutionNode = FALSE
	EndGlobalSection
	GlobalSection(ExtensibilityGlobals) = postSolution
		SolutionGuid = {FB9367A8-CB11-4D20-B470-E1CFC383D0CF}
	EndGlobalSection
EndGlobal
