
Microsoft Visual Studio Solution File, Format Version 12.00
# Visual Studio Version 16
VisualStudioVersion = 16.0.31205.134
MinimumVisualStudioVersion = 10.0.40219.1
Project("{FAE04EC0-301F-11D3-BF4B-00C04F79EFBC}") = "P1T2", "P1T2.csproj", "{0368ECE8-F37D-4361-9C4B-A0EB1B5DD67C}"
EndProject
Global
	GlobalSection(SolutionConfigurationPlatforms) = preSolution
		Debug|Any CPU = Debug|Any CPU
		Release|Any CPU = Release|Any CPU
	EndGlobalSection
	GlobalSection(ProjectConfigurationPlatforms) = postSolution
		{0368ECE8-F37D-4361-9C4B-A0EB1B5DD67C}.Debug|Any CPU.ActiveCfg = Debug|Any CPU
		{0368ECE8-F37D-4361-9C4B-A0EB1B5DD67C}.Debug|Any CPU.Build.0 = Debug|Any CPU
		{0368ECE8-F37D-4361-9C4B-A0EB1B5DD67C}.Release|Any CPU.ActiveCfg = Release|Any CPU
		{0368ECE8-F37D-4361-9C4B-A0EB1B5DD67C}.Release|Any CPU.Build.0 = Release|Any CPU
	EndGlobalSection
	GlobalSection(SolutionProperties) = preSolution
		HideSolutionNode = FALSE
	EndGlobalSection
	GlobalSection(ExtensibilityGlobals) = postSolution
		SolutionGuid = {84AAFAB4-828B-4072-83AD-B1D6E7CBCB20}
	EndGlobalSection
EndGlobal
