
Microsoft Visual Studio Solution File, Format Version 12.00
# Visual Studio Version 16
VisualStudioVersion = 16.0.31205.134
MinimumVisualStudioVersion = 10.0.40219.1
Project("{FAE04EC0-301F-11D3-BF4B-00C04F79EFBC}") = "P6T2", "P6T2.csproj", "{2AEC37CB-8B16-4E81-94C2-2E03752FD0D0}"
EndProject
Global
	GlobalSection(SolutionConfigurationPlatforms) = preSolution
		Debug|Any CPU = Debug|Any CPU
		Release|Any CPU = Release|Any CPU
	EndGlobalSection
	GlobalSection(ProjectConfigurationPlatforms) = postSolution
		{2AEC37CB-8B16-4E81-94C2-2E03752FD0D0}.Debug|Any CPU.ActiveCfg = Debug|Any CPU
		{2AEC37CB-8B16-4E81-94C2-2E03752FD0D0}.Debug|Any CPU.Build.0 = Debug|Any CPU
		{2AEC37CB-8B16-4E81-94C2-2E03752FD0D0}.Release|Any CPU.ActiveCfg = Release|Any CPU
		{2AEC37CB-8B16-4E81-94C2-2E03752FD0D0}.Release|Any CPU.Build.0 = Release|Any CPU
	EndGlobalSection
	GlobalSection(SolutionProperties) = preSolution
		HideSolutionNode = FALSE
	EndGlobalSection
	GlobalSection(ExtensibilityGlobals) = postSolution
		SolutionGuid = {06032EBE-6512-4CE4-BF92-3AE367504D34}
	EndGlobalSection
EndGlobal
